
Microsoft Visual Studio Solution File, Format Version 12.00
# Visual Studio Version 17
VisualStudioVersion = 17.5.2.0
MinimumVisualStudioVersion = 10.0.40219.1
Project("{2150E333-8FDC-42A3-9474-1A3956D46DE8}") = "scenarios", "scenarios", "{3AD4E1A9-FDA2-34BD-403E-3093DEEBD16E}"
EndProject
Project("{2150E333-8FDC-42A3-9474-1A3956D46DE8}") = "01-Threading", "01-Threading", "{672B1F10-18D7-5755-3BDC-F9DF57AAAF35}"
EndProject
Project("{FAE04EC0-301F-11D3-BF4B-00C04F79EFBC}") = "ThreadingPlayground", "scenarios\01-Threading\ThreadingPlayground\ThreadingPlayground.csproj", "{BEFB99BD-DB85-4561-B141-232C38C6628B}"
EndProject
Project("{FAE04EC0-301F-11D3-BF4B-00C04F79EFBC}") = "ThreadTypesApi", "scenarios\01-Threading\ThreadTypes\ThreadTypesApi\ThreadTypesApi.csproj", "{78024CEF-C6E1-4B85-8C9C-C663BB870732}"
EndProject
Global
	GlobalSection(SolutionConfigurationPlatforms) = preSolution
		Debug|Any CPU = Debug|Any CPU
		Debug|x64 = Debug|x64
		Debug|x86 = Debug|x86
		Release|Any CPU = Release|Any CPU
		Release|x64 = Release|x64
		Release|x86 = Release|x86
	EndGlobalSection
	GlobalSection(ProjectConfigurationPlatforms) = postSolution
		{BEFB99BD-DB85-4561-B141-232C38C6628B}.Debug|Any CPU.ActiveCfg = Debug|Any CPU
		{BEFB99BD-DB85-4561-B141-232C38C6628B}.Debug|Any CPU.Build.0 = Debug|Any CPU
		{BEFB99BD-DB85-4561-B141-232C38C6628B}.Debug|x64.ActiveCfg = Debug|Any CPU
		{BEFB99BD-DB85-4561-B141-232C38C6628B}.Debug|x64.Build.0 = Debug|Any CPU
		{BEFB99BD-DB85-4561-B141-232C38C6628B}.Debug|x86.ActiveCfg = Debug|Any CPU
		{BEFB99BD-DB85-4561-B141-232C38C6628B}.Debug|x86.Build.0 = Debug|Any CPU
		{BEFB99BD-DB85-4561-B141-232C38C6628B}.Release|Any CPU.ActiveCfg = Release|Any CPU
		{BEFB99BD-DB85-4561-B141-232C38C6628B}.Release|Any CPU.Build.0 = Release|Any CPU
		{BEFB99BD-DB85-4561-B141-232C38C6628B}.Release|x64.ActiveCfg = Release|Any CPU
		{BEFB99BD-DB85-4561-B141-232C38C6628B}.Release|x64.Build.0 = Release|Any CPU
		{BEFB99BD-DB85-4561-B141-232C38C6628B}.Release|x86.ActiveCfg = Release|Any CPU
		{BEFB99BD-DB85-4561-B141-232C38C6628B}.Release|x86.Build.0 = Release|Any CPU
		{78024CEF-C6E1-4B85-8C9C-C663BB870732}.Debug|Any CPU.ActiveCfg = Debug|Any CPU
		{78024CEF-C6E1-4B85-8C9C-C663BB870732}.Debug|Any CPU.Build.0 = Debug|Any CPU
		{78024CEF-C6E1-4B85-8C9C-C663BB870732}.Debug|x64.ActiveCfg = Debug|Any CPU
		{78024CEF-C6E1-4B85-8C9C-C663BB870732}.Debug|x64.Build.0 = Debug|Any CPU
		{78024CEF-C6E1-4B85-8C9C-C663BB870732}.Debug|x86.ActiveCfg = Debug|Any CPU
		{78024CEF-C6E1-4B85-8C9C-C663BB870732}.Debug|x86.Build.0 = Debug|Any CPU
		{78024CEF-C6E1-4B85-8C9C-C663BB870732}.Release|Any CPU.ActiveCfg = Release|Any CPU
		{78024CEF-C6E1-4B85-8C9C-C663BB870732}.Release|Any CPU.Build.0 = Release|Any CPU
		{78024CEF-C6E1-4B85-8C9C-C663BB870732}.Release|x64.ActiveCfg = Release|Any CPU
		{78024CEF-C6E1-4B85-8C9C-C663BB870732}.Release|x64.Build.0 = Release|Any CPU
		{78024CEF-C6E1-4B85-8C9C-C663BB870732}.Release|x86.ActiveCfg = Release|Any CPU
		{78024CEF-C6E1-4B85-8C9C-C663BB870732}.Release|x86.Build.0 = Release|Any CPU
	EndGlobalSection
	GlobalSection(SolutionProperties) = preSolution
		HideSolutionNode = FALSE
	EndGlobalSection
	GlobalSection(NestedProjects) = preSolution
		{672B1F10-18D7-5755-3BDC-F9DF57AAAF35} = {3AD4E1A9-FDA2-34BD-403E-3093DEEBD16E}
		{BEFB99BD-DB85-4561-B141-232C38C6628B} = {672B1F10-18D7-5755-3BDC-F9DF57AAAF35}
		{78024CEF-C6E1-4B85-8C9C-C663BB870732} = {672B1F10-18D7-5755-3BDC-F9DF57AAAF35}
	EndGlobalSection
	GlobalSection(ExtensibilityGlobals) = postSolution
		SolutionGuid = {52BE3690-A611-48F0-8D6F-A8E4EE338708}
	EndGlobalSection
EndGlobal
