Microsoft Visual Studio Solution File, Format Version 12.00
# Visual Studio Version 17
VisualStudioVersion = 17.5.2.0
MinimumVisualStudioVersion = 10.0.40219.1
Project("{2150E333-8FDC-42A3-9474-1A3956D46DE8}") = "outbound-request-limit-check", "outbound-request-limit-check", "{06569756-814C-E569-4CA5-B6ACF18E1AFB}"
EndProject
Project("{2150E333-8FDC-42A3-9474-1A3956D46DE8}") = "src", "src", "{827E0CD3-B72D-47B6-A68D-7590B98EB39B}"
EndProject
Project("{FAE04EC0-301F-11D3-BF4B-00C04F79EFBC}") = "RequestLimitsCheck.Net10", "outbound-request-limit-check\RequestLimitsCheck.Net10\RequestLimitsCheck.Net10.csproj", "{F5B46FC3-1F3B-065C-64D1-AD97743AA7FE}"
EndProject
Project("{FAE04EC0-301F-11D3-BF4B-00C04F79EFBC}") = "RequestLimitsCheck.Net7", "outbound-request-limit-check\RequestLimitsCheck.Net7\RequestLimitsCheck.Net7.csproj", "{65F2B83D-64B2-CE56-CD37-C65FF23D94D4}"
EndProject
Project("{FAE04EC0-301F-11D3-BF4B-00C04F79EFBC}") = "RequestLimitsCheck.Net8", "outbound-request-limit-check\RequestLimitsCheck.Net8\RequestLimitsCheck.Net8.csproj", "{FF932494-00B9-481C-9BC9-445F7791FFC5}"
EndProject
Project("{FAE04EC0-301F-11D3-BF4B-00C04F79EFBC}") = "RequestLimitsCheck.Net9", "outbound-request-limit-check\RequestLimitsCheck.Net9\RequestLimitsCheck.Net9.csproj", "{0400F1FA-39E0-2B74-5BC7-687D3F9516C4}"
EndProject
Project("{FAE04EC0-301F-11D3-BF4B-00C04F79EFBC}") = "TargetApi", "outbound-request-limit-check\TargetApi\TargetApi.csproj", "{53F131A3-D741-935C-082B-55C1626FCF07}"
EndProject
Project("{2150E333-8FDC-42A3-9474-1A3956D46DE8}") = "BasicsLab", "BasicsLab", "{82A4D9FA-40BC-2ECA-C01E-B461A402A24E}"
EndProject
Project("{FAE04EC0-301F-11D3-BF4B-00C04F79EFBC}") = "BackendLab.Api", "src\BasicsLab\BackendLab.Api\BackendLab.Api.csproj", "{C348F4D2-2939-6572-82E0-FA1F143ECAD0}"
EndProject
Project("{FAE04EC0-301F-11D3-BF4B-00C04F79EFBC}") = "BackendLab.Worker", "src\BasicsLab\BackendLab.Worker\BackendLab.Worker.csproj", "{F2BCCA6F-D729-4993-F7AE-BC0769B16946}"
EndProject
Project("{2150E333-8FDC-42A3-9474-1A3956D46DE8}") = "GrpcLab", "GrpcLab", "{AFFF8A12-676F-E30E-6E64-9B9CD506650F}"
EndProject
Project("{FAE04EC0-301F-11D3-BF4B-00C04F79EFBC}") = "GrpcLab.ClientApi", "src\GrpcLab\GrpcLab.ClientApi\GrpcLab.ClientApi.csproj", "{81DDACDD-9B3A-DD95-3A89-5A954E15A4F0}"
EndProject
Project("{FAE04EC0-301F-11D3-BF4B-00C04F79EFBC}") = "GrpcLab.Server", "src\GrpcLab\GrpcLab.Server\GrpcLab.Server.csproj", "{2F56280A-9000-8919-BC5D-1D66D170E1FA}"
EndProject
Project("{2150E333-8FDC-42A3-9474-1A3956D46DE8}") = "MicroserviceLab", "MicroserviceLab", "{45F6B4F5-3869-9F82-98EA-8279BB1CF885}"
EndProject
Project("{FAE04EC0-301F-11D3-BF4B-00C04F79EFBC}") = "MicroserviceLab.Consumer", "src\MicroserviceLab\MicroserviceLab.Consumer\MicroserviceLab.Consumer.csproj", "{5FC839FD-64E9-4D1A-1660-944091ED33B4}"
EndProject
Project("{FAE04EC0-301F-11D3-BF4B-00C04F79EFBC}") = "MicroserviceLab.GatewayApi", "src\MicroserviceLab\MicroserviceLab.GatewayApi\MicroserviceLab.GatewayApi.csproj", "{C40191D6-D52C-C860-C3DE-FE0B67BB4311}"
EndProject
Project("{FAE04EC0-301F-11D3-BF4B-00C04F79EFBC}") = "MicroserviceLab.OrderService", "src\MicroserviceLab\MicroserviceLab.OrderService\MicroserviceLab.OrderService.csproj", "{1AEEE7C4-5520-5F1A-0DFF-A1AFC1903F25}"
EndProject
Project("{FAE04EC0-301F-11D3-BF4B-00C04F79EFBC}") = "MicroserviceLab.PaymentService", "src\MicroserviceLab\MicroserviceLab.PaymentService\MicroserviceLab.PaymentService.csproj", "{5234DC31-91B4-C71A-4DDF-058A9E8034C3}"
EndProject
Project("{2150E333-8FDC-42A3-9474-1A3956D46DE8}") = "NetworkLab", "NetworkLab", "{FAC78ACB-54C6-A045-C71D-26DD71764CEE}"
EndProject
Project("{FAE04EC0-301F-11D3-BF4B-00C04F79EFBC}") = "NetworkLab.Api", "src\NetworkLab\NetworkLab.Api\NetworkLab.Api.csproj", "{7EE8A87B-1065-3B0E-91D2-737BE2583A50}"
EndProject
Project("{2150E333-8FDC-42A3-9474-1A3956D46DE8}") = "ObservabilityLab", "ObservabilityLab", "{1DD87A99-A525-2A20-CB81-8E67AF6FE65A}"
EndProject
Project("{FAE04EC0-301F-11D3-BF4B-00C04F79EFBC}") = "ObservabilityLab.GatewayApi", "src\ObservabilityLab\ObservabilityLab.GatewayApi\ObservabilityLab.GatewayApi.csproj", "{9FB3E610-99AE-285C-2456-D2DD03925EE7}"
EndProject
Project("{FAE04EC0-301F-11D3-BF4B-00C04F79EFBC}") = "ObservabilityLab.OrderApi", "src\ObservabilityLab\ObservabilityLab.OrderApi\ObservabilityLab.OrderApi.csproj", "{BC56575E-3911-2FB0-7173-D308084DE796}"
EndProject
Project("{FAE04EC0-301F-11D3-BF4B-00C04F79EFBC}") = "ObservabilityLab.PaymentApi", "src\ObservabilityLab\ObservabilityLab.PaymentApi\ObservabilityLab.PaymentApi.csproj", "{ADA0F171-B6A8-2EEC-60D9-93A990A23AE5}"
EndProject
Project("{2150E333-8FDC-42A3-9474-1A3956D46DE8}") = "QueueLab", "QueueLab", "{F056F1A0-6E40-B0D7-D886-CA2B33C5E109}"
EndProject
Project("{FAE04EC0-301F-11D3-BF4B-00C04F79EFBC}") = "QueueLab.Api", "src\QueueLab\QueueLab.Api\QueueLab.Api.csproj", "{CF5B3C14-4BA9-0AEA-DEFE-16F3E2F7AE07}"
EndProject
Project("{FAE04EC0-301F-11D3-BF4B-00C04F79EFBC}") = "QueueLab.Worker", "src\QueueLab\QueueLab.Worker\QueueLab.Worker.csproj", "{F761A550-61B4-3663-1434-7D3446F738FE}"
EndProject
Project("{2150E333-8FDC-42A3-9474-1A3956D46DE8}") = "ResilienceLab", "ResilienceLab", "{18C347D5-8850-46AA-C164-09B55CA8486A}"
EndProject
Project("{FAE04EC0-301F-11D3-BF4B-00C04F79EFBC}") = "ResilienceLab.Api", "src\ResilienceLab\ResilienceLab.Api\ResilienceLab.Api.csproj", "{BB101A94-5872-F5BD-5F6C-7845FA0C76B1}"
EndProject
Project("{2150E333-8FDC-42A3-9474-1A3956D46DE8}") = "StorageLab", "StorageLab", "{67F878E7-39D1-2963-9184-D77D061B1476}"
EndProject
Project("{FAE04EC0-301F-11D3-BF4B-00C04F79EFBC}") = "StorageLab.InventoryApi", "src\StorageLab\StorageLab.InventoryApi\StorageLab.InventoryApi.csproj", "{30B410BB-C8A3-A143-8980-C59A419464D3}"
EndProject
Project("{FAE04EC0-301F-11D3-BF4B-00C04F79EFBC}") = "StorageLab.OrderApi", "src\StorageLab\StorageLab.OrderApi\StorageLab.OrderApi.csproj", "{4B008E7C-D817-12F8-86BB-83433959816E}"
EndProject
Global
	GlobalSection(SolutionConfigurationPlatforms) = preSolution
		Debug|Any CPU = Debug|Any CPU
		Release|Any CPU = Release|Any CPU
	EndGlobalSection
	GlobalSection(ProjectConfigurationPlatforms) = postSolution
		{F5B46FC3-1F3B-065C-64D1-AD97743AA7FE}.Debug|Any CPU.ActiveCfg = Debug|Any CPU
		{F5B46FC3-1F3B-065C-64D1-AD97743AA7FE}.Debug|Any CPU.Build.0 = Debug|Any CPU
		{F5B46FC3-1F3B-065C-64D1-AD97743AA7FE}.Release|Any CPU.ActiveCfg = Release|Any CPU
		{F5B46FC3-1F3B-065C-64D1-AD97743AA7FE}.Release|Any CPU.Build.0 = Release|Any CPU
		{65F2B83D-64B2-CE56-CD37-C65FF23D94D4}.Debug|Any CPU.ActiveCfg = Debug|Any CPU
		{65F2B83D-64B2-CE56-CD37-C65FF23D94D4}.Debug|Any CPU.Build.0 = Debug|Any CPU
		{65F2B83D-64B2-CE56-CD37-C65FF23D94D4}.Release|Any CPU.ActiveCfg = Release|Any CPU
		{65F2B83D-64B2-CE56-CD37-C65FF23D94D4}.Release|Any CPU.Build.0 = Release|Any CPU
		{FF932494-00B9-481C-9BC9-445F7791FFC5}.Debug|Any CPU.ActiveCfg = Debug|Any CPU
		{FF932494-00B9-481C-9BC9-445F7791FFC5}.Debug|Any CPU.Build.0 = Debug|Any CPU
		{FF932494-00B9-481C-9BC9-445F7791FFC5}.Release|Any CPU.ActiveCfg = Release|Any CPU
		{FF932494-00B9-481C-9BC9-445F7791FFC5}.Release|Any CPU.Build.0 = Release|Any CPU
		{0400F1FA-39E0-2B74-5BC7-687D3F9516C4}.Debug|Any CPU.ActiveCfg = Debug|Any CPU
		{0400F1FA-39E0-2B74-5BC7-687D3F9516C4}.Debug|Any CPU.Build.0 = Debug|Any CPU
		{0400F1FA-39E0-2B74-5BC7-687D3F9516C4}.Release|Any CPU.ActiveCfg = Release|Any CPU
		{0400F1FA-39E0-2B74-5BC7-687D3F9516C4}.Release|Any CPU.Build.0 = Release|Any CPU
		{53F131A3-D741-935C-082B-55C1626FCF07}.Debug|Any CPU.ActiveCfg = Debug|Any CPU
		{53F131A3-D741-935C-082B-55C1626FCF07}.Debug|Any CPU.Build.0 = Debug|Any CPU
		{53F131A3-D741-935C-082B-55C1626FCF07}.Release|Any CPU.ActiveCfg = Release|Any CPU
		{53F131A3-D741-935C-082B-55C1626FCF07}.Release|Any CPU.Build.0 = Release|Any CPU
		{C348F4D2-2939-6572-82E0-FA1F143ECAD0}.Debug|Any CPU.ActiveCfg = Debug|Any CPU
		{C348F4D2-2939-6572-82E0-FA1F143ECAD0}.Debug|Any CPU.Build.0 = Debug|Any CPU
		{C348F4D2-2939-6572-82E0-FA1F143ECAD0}.Release|Any CPU.ActiveCfg = Release|Any CPU
		{C348F4D2-2939-6572-82E0-FA1F143ECAD0}.Release|Any CPU.Build.0 = Release|Any CPU
		{F2BCCA6F-D729-4993-F7AE-BC0769B16946}.Debug|Any CPU.ActiveCfg = Debug|Any CPU
		{F2BCCA6F-D729-4993-F7AE-BC0769B16946}.Debug|Any CPU.Build.0 = Debug|Any CPU
		{F2BCCA6F-D729-4993-F7AE-BC0769B16946}.Release|Any CPU.ActiveCfg = Release|Any CPU
		{F2BCCA6F-D729-4993-F7AE-BC0769B16946}.Release|Any CPU.Build.0 = Release|Any CPU
		{81DDACDD-9B3A-DD95-3A89-5A954E15A4F0}.Debug|Any CPU.ActiveCfg = Debug|Any CPU
		{81DDACDD-9B3A-DD95-3A89-5A954E15A4F0}.Debug|Any CPU.Build.0 = Debug|Any CPU
		{81DDACDD-9B3A-DD95-3A89-5A954E15A4F0}.Release|Any CPU.ActiveCfg = Release|Any CPU
		{81DDACDD-9B3A-DD95-3A89-5A954E15A4F0}.Release|Any CPU.Build.0 = Release|Any CPU
		{2F56280A-9000-8919-BC5D-1D66D170E1FA}.Debug|Any CPU.ActiveCfg = Debug|Any CPU
		{2F56280A-9000-8919-BC5D-1D66D170E1FA}.Debug|Any CPU.Build.0 = Debug|Any CPU
		{2F56280A-9000-8919-BC5D-1D66D170E1FA}.Release|Any CPU.ActiveCfg = Release|Any CPU
		{2F56280A-9000-8919-BC5D-1D66D170E1FA}.Release|Any CPU.Build.0 = Release|Any CPU
		{5FC839FD-64E9-4D1A-1660-944091ED33B4}.Debug|Any CPU.ActiveCfg = Debug|Any CPU
		{5FC839FD-64E9-4D1A-1660-944091ED33B4}.Debug|Any CPU.Build.0 = Debug|Any CPU
		{5FC839FD-64E9-4D1A-1660-944091ED33B4}.Release|Any CPU.ActiveCfg = Release|Any CPU
		{5FC839FD-64E9-4D1A-1660-944091ED33B4}.Release|Any CPU.Build.0 = Release|Any CPU
		{C40191D6-D52C-C860-C3DE-FE0B67BB4311}.Debug|Any CPU.ActiveCfg = Debug|Any CPU
		{C40191D6-D52C-C860-C3DE-FE0B67BB4311}.Debug|Any CPU.Build.0 = Debug|Any CPU
		{C40191D6-D52C-C860-C3DE-FE0B67BB4311}.Release|Any CPU.ActiveCfg = Release|Any CPU
		{C40191D6-D52C-C860-C3DE-FE0B67BB4311}.Release|Any CPU.Build.0 = Release|Any CPU
		{1AEEE7C4-5520-5F1A-0DFF-A1AFC1903F25}.Debug|Any CPU.ActiveCfg = Debug|Any CPU
		{1AEEE7C4-5520-5F1A-0DFF-A1AFC1903F25}.Debug|Any CPU.Build.0 = Debug|Any CPU
		{1AEEE7C4-5520-5F1A-0DFF-A1AFC1903F25}.Release|Any CPU.ActiveCfg = Release|Any CPU
		{1AEEE7C4-5520-5F1A-0DFF-A1AFC1903F25}.Release|Any CPU.Build.0 = Release|Any CPU
		{5234DC31-91B4-C71A-4DDF-058A9E8034C3}.Debug|Any CPU.ActiveCfg = Debug|Any CPU
		{5234DC31-91B4-C71A-4DDF-058A9E8034C3}.Debug|Any CPU.Build.0 = Debug|Any CPU
		{5234DC31-91B4-C71A-4DDF-058A9E8034C3}.Release|Any CPU.ActiveCfg = Release|Any CPU
		{5234DC31-91B4-C71A-4DDF-058A9E8034C3}.Release|Any CPU.Build.0 = Release|Any CPU
		{7EE8A87B-1065-3B0E-91D2-737BE2583A50}.Debug|Any CPU.ActiveCfg = Debug|Any CPU
		{7EE8A87B-1065-3B0E-91D2-737BE2583A50}.Debug|Any CPU.Build.0 = Debug|Any CPU
		{7EE8A87B-1065-3B0E-91D2-737BE2583A50}.Release|Any CPU.ActiveCfg = Release|Any CPU
		{7EE8A87B-1065-3B0E-91D2-737BE2583A50}.Release|Any CPU.Build.0 = Release|Any CPU
		{9FB3E610-99AE-285C-2456-D2DD03925EE7}.Debug|Any CPU.ActiveCfg = Debug|Any CPU
		{9FB3E610-99AE-285C-2456-D2DD03925EE7}.Debug|Any CPU.Build.0 = Debug|Any CPU
		{9FB3E610-99AE-285C-2456-D2DD03925EE7}.Release|Any CPU.ActiveCfg = Release|Any CPU
		{9FB3E610-99AE-285C-2456-D2DD03925EE7}.Release|Any CPU.Build.0 = Release|Any CPU
		{BC56575E-3911-2FB0-7173-D308084DE796}.Debug|Any CPU.ActiveCfg = Debug|Any CPU
		{BC56575E-3911-2FB0-7173-D308084DE796}.Debug|Any CPU.Build.0 = Debug|Any CPU
		{BC56575E-3911-2FB0-7173-D308084DE796}.Release|Any CPU.ActiveCfg = Release|Any CPU
		{BC56575E-3911-2FB0-7173-D308084DE796}.Release|Any CPU.Build.0 = Release|Any CPU
		{ADA0F171-B6A8-2EEC-60D9-93A990A23AE5}.Debug|Any CPU.ActiveCfg = Debug|Any CPU
		{ADA0F171-B6A8-2EEC-60D9-93A990A23AE5}.Debug|Any CPU.Build.0 = Debug|Any CPU
		{ADA0F171-B6A8-2EEC-60D9-93A990A23AE5}.Release|Any CPU.ActiveCfg = Release|Any CPU
		{ADA0F171-B6A8-2EEC-60D9-93A990A23AE5}.Release|Any CPU.Build.0 = Release|Any CPU
		{CF5B3C14-4BA9-0AEA-DEFE-16F3E2F7AE07}.Debug|Any CPU.ActiveCfg = Debug|Any CPU
		{CF5B3C14-4BA9-0AEA-DEFE-16F3E2F7AE07}.Debug|Any CPU.Build.0 = Debug|Any CPU
		{CF5B3C14-4BA9-0AEA-DEFE-16F3E2F7AE07}.Release|Any CPU.ActiveCfg = Release|Any CPU
		{CF5B3C14-4BA9-0AEA-DEFE-16F3E2F7AE07}.Release|Any CPU.Build.0 = Release|Any CPU
		{F761A550-61B4-3663-1434-7D3446F738FE}.Debug|Any CPU.ActiveCfg = Debug|Any CPU
		{F761A550-61B4-3663-1434-7D3446F738FE}.Debug|Any CPU.Build.0 = Debug|Any CPU
		{F761A550-61B4-3663-1434-7D3446F738FE}.Release|Any CPU.ActiveCfg = Release|Any CPU
		{F761A550-61B4-3663-1434-7D3446F738FE}.Release|Any CPU.Build.0 = Release|Any CPU
		{BB101A94-5872-F5BD-5F6C-7845FA0C76B1}.Debug|Any CPU.ActiveCfg = Debug|Any CPU
		{BB101A94-5872-F5BD-5F6C-7845FA0C76B1}.Debug|Any CPU.Build.0 = Debug|Any CPU
		{BB101A94-5872-F5BD-5F6C-7845FA0C76B1}.Release|Any CPU.ActiveCfg = Release|Any CPU
		{BB101A94-5872-F5BD-5F6C-7845FA0C76B1}.Release|Any CPU.Build.0 = Release|Any CPU
		{30B410BB-C8A3-A143-8980-C59A419464D3}.Debug|Any CPU.ActiveCfg = Debug|Any CPU
		{30B410BB-C8A3-A143-8980-C59A419464D3}.Debug|Any CPU.Build.0 = Debug|Any CPU
		{30B410BB-C8A3-A143-8980-C59A419464D3}.Release|Any CPU.ActiveCfg = Release|Any CPU
		{30B410BB-C8A3-A143-8980-C59A419464D3}.Release|Any CPU.Build.0 = Release|Any CPU
		{4B008E7C-D817-12F8-86BB-83433959816E}.Debug|Any CPU.ActiveCfg = Debug|Any CPU
		{4B008E7C-D817-12F8-86BB-83433959816E}.Debug|Any CPU.Build.0 = Debug|Any CPU
		{4B008E7C-D817-12F8-86BB-83433959816E}.Release|Any CPU.ActiveCfg = Release|Any CPU
		{4B008E7C-D817-12F8-86BB-83433959816E}.Release|Any CPU.Build.0 = Release|Any CPU
	EndGlobalSection
	GlobalSection(SolutionProperties) = preSolution
		HideSolutionNode = FALSE
	EndGlobalSection
	GlobalSection(NestedProjects) = preSolution
		{F5B46FC3-1F3B-065C-64D1-AD97743AA7FE} = {06569756-814C-E569-4CA5-B6ACF18E1AFB}
		{65F2B83D-64B2-CE56-CD37-C65FF23D94D4} = {06569756-814C-E569-4CA5-B6ACF18E1AFB}
		{FF932494-00B9-481C-9BC9-445F7791FFC5} = {06569756-814C-E569-4CA5-B6ACF18E1AFB}
		{0400F1FA-39E0-2B74-5BC7-687D3F9516C4} = {06569756-814C-E569-4CA5-B6ACF18E1AFB}
		{53F131A3-D741-935C-082B-55C1626FCF07} = {06569756-814C-E569-4CA5-B6ACF18E1AFB}
		{82A4D9FA-40BC-2ECA-C01E-B461A402A24E} = {827E0CD3-B72D-47B6-A68D-7590B98EB39B}
		{C348F4D2-2939-6572-82E0-FA1F143ECAD0} = {82A4D9FA-40BC-2ECA-C01E-B461A402A24E}
		{F2BCCA6F-D729-4993-F7AE-BC0769B16946} = {82A4D9FA-40BC-2ECA-C01E-B461A402A24E}
		{AFFF8A12-676F-E30E-6E64-9B9CD506650F} = {827E0CD3-B72D-47B6-A68D-7590B98EB39B}
		{81DDACDD-9B3A-DD95-3A89-5A954E15A4F0} = {AFFF8A12-676F-E30E-6E64-9B9CD506650F}
		{2F56280A-9000-8919-BC5D-1D66D170E1FA} = {AFFF8A12-676F-E30E-6E64-9B9CD506650F}
		{45F6B4F5-3869-9F82-98EA-8279BB1CF885} = {827E0CD3-B72D-47B6-A68D-7590B98EB39B}
		{5FC839FD-64E9-4D1A-1660-944091ED33B4} = {45F6B4F5-3869-9F82-98EA-8279BB1CF885}
		{C40191D6-D52C-C860-C3DE-FE0B67BB4311} = {45F6B4F5-3869-9F82-98EA-8279BB1CF885}
		{1AEEE7C4-5520-5F1A-0DFF-A1AFC1903F25} = {45F6B4F5-3869-9F82-98EA-8279BB1CF885}
		{5234DC31-91B4-C71A-4DDF-058A9E8034C3} = {45F6B4F5-3869-9F82-98EA-8279BB1CF885}
		{FAC78ACB-54C6-A045-C71D-26DD71764CEE} = {827E0CD3-B72D-47B6-A68D-7590B98EB39B}
		{7EE8A87B-1065-3B0E-91D2-737BE2583A50} = {FAC78ACB-54C6-A045-C71D-26DD71764CEE}
		{1DD87A99-A525-2A20-CB81-8E67AF6FE65A} = {827E0CD3-B72D-47B6-A68D-7590B98EB39B}
		{9FB3E610-99AE-285C-2456-D2DD03925EE7} = {1DD87A99-A525-2A20-CB81-8E67AF6FE65A}
		{BC56575E-3911-2FB0-7173-D308084DE796} = {1DD87A99-A525-2A20-CB81-8E67AF6FE65A}
		{ADA0F171-B6A8-2EEC-60D9-93A990A23AE5} = {1DD87A99-A525-2A20-CB81-8E67AF6FE65A}
		{F056F1A0-6E40-B0D7-D886-CA2B33C5E109} = {827E0CD3-B72D-47B6-A68D-7590B98EB39B}
		{CF5B3C14-4BA9-0AEA-DEFE-16F3E2F7AE07} = {F056F1A0-6E40-B0D7-D886-CA2B33C5E109}
		{F761A550-61B4-3663-1434-7D3446F738FE} = {F056F1A0-6E40-B0D7-D886-CA2B33C5E109}
		{18C347D5-8850-46AA-C164-09B55CA8486A} = {827E0CD3-B72D-47B6-A68D-7590B98EB39B}
		{BB101A94-5872-F5BD-5F6C-7845FA0C76B1} = {18C347D5-8850-46AA-C164-09B55CA8486A}
		{67F878E7-39D1-2963-9184-D77D061B1476} = {827E0CD3-B72D-47B6-A68D-7590B98EB39B}
		{30B410BB-C8A3-A143-8980-C59A419464D3} = {67F878E7-39D1-2963-9184-D77D061B1476}
		{4B008E7C-D817-12F8-86BB-83433959816E} = {67F878E7-39D1-2963-9184-D77D061B1476}
	EndGlobalSection
	GlobalSection(ExtensibilityGlobals) = postSolution
		SolutionGuid = {52BE3690-A611-48F0-8D6F-A8E4EE338708}
	EndGlobalSection
EndGlobal
